schema: '2.0'
stages:
  create_dataset:
    cmd: python studentpredictor/create_dataset.py
    deps:
    - path: studentpredictor/create_dataset.py
      md5: 20c05985016e60dc71cf596dab583001
      size: 717
    outs:
    - path: assets/data
      md5: 5f2f16d08bc79a25938a066446b8e989.dir
      size: 694076
      nfiles: 2
  feature:
    cmd: python studentpredictor/create_features.py
    deps:
    - path: assets/data
      md5: 5f2f16d08bc79a25938a066446b8e989.dir
      size: 694076
      nfiles: 2
    - path: studentpredictor/create_features.py
      md5: 9915199d9dc69f3cbe415099fd1b22d6
      size: 968
    outs:
    - path: assets/features
      md5: e23c71f65b6247f58eb66a9b6032fdee.dir
      size: 75227
      nfiles: 4
  train:
    cmd: python studentpredictor/train_model.py
    deps:
    - path: assets/features
      md5: e23c71f65b6247f58eb66a9b6032fdee.dir
      size: 75227
      nfiles: 4
    - path: studentpredictor/train_model.py
      md5: 4396cc008f8b9f9d85f859aab592a7f5
      size: 460
    outs:
    - path: assets/models
      md5: 77ec6f8a1dbb01d75c37878cd4d53f78.dir
      size: 644
      nfiles: 1
  evaluate:
    cmd: python studentpredictor/evaluate_model.py
    deps:
    - path: assets/features
      md5: e23c71f65b6247f58eb66a9b6032fdee.dir
      size: 75227
      nfiles: 4
    - path: assets/models
      md5: 77ec6f8a1dbb01d75c37878cd4d53f78.dir
      size: 644
      nfiles: 1
    - path: studentpredictor/evaluate_model.py
      md5: 2e8eca930a157f876c7cba55b49d7085
      size: 565
    outs:
    - path: assets/metrics.json
      md5: 67a35ee656040cd2e61fc4e19bdb7f61
      size: 61
